<Solution>
  <Configurations>
    <Platform Name="x64" />
    <Platform Name="x86" />
  </Configurations>
  <Project Path="CipherApp/CipherApp.vcxproj">
    <BuildDependency Project="EncriptionModule/EncriptionModule.vcxproj" />
  </Project>
  <Project Path="EncriptionModule/EncriptionModule.vcxproj" />
</Solution>
